
Microsoft Visual Studio Solution File, Format Version 12.00
# Visual Studio Version 17
VisualStudioVersion = 17.5.33516.290
MinimumVisualStudioVersion = 10.0.40219.1
Project("{9A19103F-16F7-4668-BE54-9A1E7A4F7556}") = "Undersoft.SDK", "src\SoftwareDevelopmentKit\src\Undersoft.SDK\Undersoft.SDK.csproj", "{79201DAA-9214-4113-96E0-3D14397950A0}"
EndProject
Project("{2150E333-8FDC-42A3-9474-1A3956D46DE8}") = "SoftwareDevelopmentKit", "SoftwareDevelopmentKit", "{A0E1E503-BBF6-42A5-88ED-85191AB41A06}"
EndProject
Project("{2150E333-8FDC-42A3-9474-1A3956D46DE8}") = "Tests", "Tests", "{F9FE065B-486D-4802-A960-68421E802341}"
EndProject
Project("{2150E333-8FDC-42A3-9474-1A3956D46DE8}") = "Benchmarks", "Benchmarks", "{38C94AAE-725B-4247-9465-2E3A5B451347}"
EndProject
Project("{9A19103F-16F7-4668-BE54-9A1E7A4F7556}") = "Undersoft.SDK.Service", "src\SoftwareDevelopmentKit\src\Undersoft.SDK.Service\Undersoft.SDK.Service.csproj", "{9F93E18F-4129-427F-B312-6B6294D36670}"
EndProject
Project("{9A19103F-16F7-4668-BE54-9A1E7A4F7556}") = "Undersoft.SDK.Benchmarks", "src\SoftwareDevelopmentKit\bench\Undersoft.SDK.Benchmarks\Undersoft.SDK.Benchmarks.csproj", "{363AFF68-549D-41FE-AD72-C398B549D58B}"
EndProject
Project("{2150E333-8FDC-42A3-9474-1A3956D46DE8}") = "SharedServiceCenter", "SharedServiceCenter", "{6DFC5E9B-5BEE-4C4A-BE7B-4AB4CCD81F20}"
EndProject
Project("{9A19103F-16F7-4668-BE54-9A1E7A4F7556}") = "Undersoft.SSC", "src\SharedServiceCenter\src\Undersoft.SSC\Undersoft.SSC.csproj", "{9C173ED8-DDC9-4E6D-9B15-5E2D375CDD9B}"
EndProject
Project("{9A19103F-16F7-4668-BE54-9A1E7A4F7556}") = "Undersoft.SSC.Service", "src\SharedServiceCenter\src\Undersoft.SSC.Service\Undersoft.SSC.Service.csproj", "{64B62FBD-4535-4D42-B244-36BBB7EAB1F2}"
EndProject
Project("{9A19103F-16F7-4668-BE54-9A1E7A4F7556}") = "Undersoft.SSC.Service.Server", "src\SharedServiceCenter\src\Undersoft.SSC.Service.Server\Undersoft.SSC.Service.Server.csproj", "{D8507FB1-C3DE-47EA-8488-F8723E906752}"
EndProject
Project("{9A19103F-16F7-4668-BE54-9A1E7A4F7556}") = "Undersoft.SSC.Service.Application", "src\SharedServiceCenter\src\Undersoft.SSC.Service.Application\Undersoft.SSC.Service.Application.csproj", "{86B32451-CBE0-4490-8F5D-E1295A53C6FA}"
EndProject
Project("{9A19103F-16F7-4668-BE54-9A1E7A4F7556}") = "Undersoft.SSC.Service.Infrastructure", "src\SharedServiceCenter\src\Undersoft.SSC.Service.Infrastructure\Undersoft.SSC.Service.Infrastructure.csproj", "{BDAD7B12-E674-43B4-90EA-B9A68DC3B03F}"
EndProject
Project("{9A19103F-16F7-4668-BE54-9A1E7A4F7556}") = "Undersoft.SDK.Service.Server", "src\SoftwareDevelopmentKit\src\Undersoft.SDK.Service.Server\Undersoft.SDK.Service.Server.csproj", "{D50B3498-936C-4598-95F4-9E9F8F3909C9}"
EndProject
Project("{9A19103F-16F7-4668-BE54-9A1E7A4F7556}") = "Undersoft.SDK.Service.Application.Server", "src\SoftwareDevelopmentKit\src\Undersoft.SDK.Service.Application.Server\Undersoft.SDK.Service.Application.Server.csproj", "{4346A26D-0DF3-4E1B-BEC2-1C9AE93FAEA7}"
EndProject
Project("{9A19103F-16F7-4668-BE54-9A1E7A4F7556}") = "Undersoft.SSC.Service.Application.Client", "src\SharedServiceCenter\src\Undersoft.SSC.Service.Application.Client\Undersoft.SSC.Service.Application.Client.csproj", "{700D6437-0DA5-45B6-8842-DDFDC0758B0A}"
EndProject
Project("{9A19103F-16F7-4668-BE54-9A1E7A4F7556}") = "Undersoft.SSC.Service.Application.Server", "src\SharedServiceCenter\src\Undersoft.SSC.Service.Application.Server\Undersoft.SSC.Service.Application.Server.csproj", "{3A61F41A-A32A-4CD7-B3F4-84C17A0A2F3A}"
EndProject
Project("{9A19103F-16F7-4668-BE54-9A1E7A4F7556}") = "Undersoft.SSC.Service.Application.GUI", "src\SharedServiceCenter\src\Undersoft.SSC.Service.Application.GUI\Undersoft.SSC.Service.Application.GUI.csproj", "{5613584F-E077-4AAF-A14C-275B8B009B23}"
EndProject
Project("{9A19103F-16F7-4668-BE54-9A1E7A4F7556}") = "Undersoft.SSC.Service.Application.Hybrid", "src\SharedServiceCenter\src\Undersoft.SSC.Service.Application.Hybrid\Undersoft.SSC.Service.Application.Hybrid.csproj", "{0277C6AA-0776-4A54-8C44-D74ABC026D20}"
EndProject
Project("{9A19103F-16F7-4668-BE54-9A1E7A4F7556}") = "Undersoft.SDK.Service.Application", "src\SoftwareDevelopmentKit\src\Undersoft.SDK.Service.Application\Undersoft.SDK.Service.Application.csproj", "{F8C902E9-0296-4A70-AC2E-36C817756DE3}"
EndProject
Project("{9A19103F-16F7-4668-BE54-9A1E7A4F7556}") = "Undersoft.SDK.Service.Infrastructure", "src\SoftwareDevelopmentKit\src\Undersoft.SDK.Service.Infrastructure\Undersoft.SDK.Service.Infrastructure.csproj", "{BBDF6723-2035-46C2-8FF3-CFDFCD4DF8F7}"
EndProject
Project("{9A19103F-16F7-4668-BE54-9A1E7A4F7556}") = "Undersoft.SDK.Service.Application.GUI", "src\SoftwareDevelopmentKit\src\Undersoft.SDK.Service.Application.GUI\Undersoft.SDK.Service.Application.GUI.csproj", "{4C62EFA3-9AA6-4A91-988A-79F8411E93DB}"
EndProject
Project("{9A19103F-16F7-4668-BE54-9A1E7A4F7556}") = "Undersoft.SDK.Tests", "src\SoftwareDevelopmentKit\tests\Undersoft.SDK.Tests\Undersoft.SDK.Tests.csproj", "{5AE5147B-57E5-49B1-A51B-7852B700CEE7}"
EndProject
Project("{8BC9CEB8-8B4A-11D0-8D11-00A0C91BC942}") = "Undersoft.SDK.Native", "src\SoftwareDevelopmentKit\src\Undersoft.SDK.Native\Undersoft.SDK.Native.vcxproj", "{6F17CBA5-8B7E-4E57-BF52-E1A125B0FFBC}"
EndProject
Project("{2150E333-8FDC-42A3-9474-1A3956D46DE8}") = "Tests", "Tests", "{8C7130F9-9B19-4B19-B272-5D8ED545360A}"
EndProject
Project("{9A19103F-16F7-4668-BE54-9A1E7A4F7556}") = "Undersoft.SSC.Tests", "src\SharedServiceCenter\tests\Undersoft.SSC.Tests\Undersoft.SSC.Tests.csproj", "{5F0D7378-D698-41BB-A9A4-D503AA839E3F}"
EndProject
Project("{9A19103F-16F7-4668-BE54-9A1E7A4F7556}") = "Undersoft.SSC.Service.Tests", "src\SharedServiceCenter\tests\Undersoft.SSC.Service.Tests\Undersoft.SSC.Service.Tests.csproj", "{9ACA03EC-5467-4D7D-93FF-2DE37B072E43}"
EndProject
Project("{9A19103F-16F7-4668-BE54-9A1E7A4F7556}") = "Undersoft.SDK.Service.Tests", "src\SoftwareDevelopmentKit\tests\Undersoft.SDK.Service.Tests\Undersoft.SDK.Service.Tests.csproj", "{C38E3C7D-6590-49BE-8716-BBF5FBC445E5}"
EndProject
Project("{9A19103F-16F7-4668-BE54-9A1E7A4F7556}") = "Undersoft.SDK.Service.Server.Tests", "src\SoftwareDevelopmentKit\tests\Undersoft.SDK.Service.Server.Tests\Undersoft.SDK.Service.Server.Tests.csproj", "{52D3F2EF-8CA8-4270-B4A5-9505666D9F6D}"
EndProject
Project("{9A19103F-16F7-4668-BE54-9A1E7A4F7556}") = "Undersoft.SDK.Service.Infrastructure.Tests", "src\SoftwareDevelopmentKit\tests\Undersoft.SDK.Service.Infrastructure.Tests\Undersoft.SDK.Service.Infrastructure.Tests.csproj", "{C025CD9B-F205-4DB0-A528-AA3589C1D6AD}"
EndProject
Project("{9A19103F-16F7-4668-BE54-9A1E7A4F7556}") = "Undersoft.SDK.Service.Application.Server.Tests", "src\SoftwareDevelopmentKit\tests\Undersoft.SDK.Service.Application.Server.Tests\Undersoft.SDK.Service.Application.Server.Tests.csproj", "{5B8C64BC-5C9C-4B1C-B2FB-3D2741F95F91}"
EndProject
Project("{9A19103F-16F7-4668-BE54-9A1E7A4F7556}") = "Undersoft.SDK.Service.Application.Tests", "src\SoftwareDevelopmentKit\tests\Undersoft.SDK.Service.Application.Tests\Undersoft.SDK.Service.Application.Tests.csproj", "{0672B11D-D7F3-48A1-97C4-8EF5ED0FE6CB}"
EndProject
Project("{9A19103F-16F7-4668-BE54-9A1E7A4F7556}") = "Undersoft.SDK.Service.Application.GUI.Tests", "src\SoftwareDevelopmentKit\tests\Undersoft.SDK.Service.Application.GUI.Tests\Undersoft.SDK.Service.Application.GUI.Tests.csproj", "{77ABD939-5CC7-4F9C-9033-8282FC60D332}"
EndProject
Project("{9A19103F-16F7-4668-BE54-9A1E7A4F7556}") = "Undersoft.SSC.Service.Application.Tests", "src\SharedServiceCenter\tests\Undersoft.SSC.Service.Application.Tests\Undersoft.SSC.Service.Application.Tests.csproj", "{97486509-DEDF-4F8C-85F0-3B4759183C53}"
EndProject
Project("{2150E333-8FDC-42A3-9474-1A3956D46DE8}") = "Deployment", "Deployment", "{72B54066-5049-4133-9C72-1D8BB4CD1B73}"
	ProjectSection(SolutionItems) = preProject
		deploy\Undersoft.SSC.Data.Server.Dockerfile = deploy\Undersoft.SSC.Data.Server.Dockerfile
		deploy\Undersoft.SSC.Kubernetes.Deployment.yaml = deploy\Undersoft.SSC.Kubernetes.Deployment.yaml
		deploy\Undersoft.SSC.Service.Application.Server.Dockerfile = deploy\Undersoft.SSC.Service.Application.Server.Dockerfile
		deploy\Undersoft.SSC.Service.Server.Dockerfile = deploy\Undersoft.SSC.Service.Server.Dockerfile
	EndProjectSection
EndProject
Global
	GlobalSection(SolutionConfigurationPlatforms) = preSolution
		Debug|Any CPU = Debug|Any CPU
		Debug|x64 = Debug|x64
		Debug|x86 = Debug|x86
		Release|Any CPU = Release|Any CPU
		Release|x64 = Release|x64
		Release|x86 = Release|x86
	EndGlobalSection
	GlobalSection(ProjectConfigurationPlatforms) = postSolution
		{79201DAA-9214-4113-96E0-3D14397950A0}.Debug|Any CPU.ActiveCfg = Debug|Any CPU
		{79201DAA-9214-4113-96E0-3D14397950A0}.Debug|Any CPU.Build.0 = Debug|Any CPU
		{79201DAA-9214-4113-96E0-3D14397950A0}.Debug|x64.ActiveCfg = Debug|Any CPU
		{79201DAA-9214-4113-96E0-3D14397950A0}.Debug|x64.Build.0 = Debug|Any CPU
		{79201DAA-9214-4113-96E0-3D14397950A0}.Debug|x86.ActiveCfg = Debug|Any CPU
		{79201DAA-9214-4113-96E0-3D14397950A0}.Debug|x86.Build.0 = Debug|Any CPU
		{79201DAA-9214-4113-96E0-3D14397950A0}.Release|Any CPU.ActiveCfg = Release|Any CPU
		{79201DAA-9214-4113-96E0-3D14397950A0}.Release|Any CPU.Build.0 = Release|Any CPU
		{79201DAA-9214-4113-96E0-3D14397950A0}.Release|x64.ActiveCfg = Release|Any CPU
		{79201DAA-9214-4113-96E0-3D14397950A0}.Release|x64.Build.0 = Release|Any CPU
		{79201DAA-9214-4113-96E0-3D14397950A0}.Release|x86.ActiveCfg = Release|Any CPU
		{79201DAA-9214-4113-96E0-3D14397950A0}.Release|x86.Build.0 = Release|Any CPU
		{9F93E18F-4129-427F-B312-6B6294D36670}.Debug|Any CPU.ActiveCfg = Debug|Any CPU
		{9F93E18F-4129-427F-B312-6B6294D36670}.Debug|Any CPU.Build.0 = Debug|Any CPU
		{9F93E18F-4129-427F-B312-6B6294D36670}.Debug|x64.ActiveCfg = Debug|Any CPU
		{9F93E18F-4129-427F-B312-6B6294D36670}.Debug|x64.Build.0 = Debug|Any CPU
		{9F93E18F-4129-427F-B312-6B6294D36670}.Debug|x86.ActiveCfg = Debug|Any CPU
		{9F93E18F-4129-427F-B312-6B6294D36670}.Debug|x86.Build.0 = Debug|Any CPU
		{9F93E18F-4129-427F-B312-6B6294D36670}.Release|Any CPU.ActiveCfg = Release|Any CPU
		{9F93E18F-4129-427F-B312-6B6294D36670}.Release|Any CPU.Build.0 = Release|Any CPU
		{9F93E18F-4129-427F-B312-6B6294D36670}.Release|x64.ActiveCfg = Release|Any CPU
		{9F93E18F-4129-427F-B312-6B6294D36670}.Release|x64.Build.0 = Release|Any CPU
		{9F93E18F-4129-427F-B312-6B6294D36670}.Release|x86.ActiveCfg = Release|Any CPU
		{9F93E18F-4129-427F-B312-6B6294D36670}.Release|x86.Build.0 = Release|Any CPU
		{363AFF68-549D-41FE-AD72-C398B549D58B}.Debug|Any CPU.ActiveCfg = Debug|Any CPU
		{363AFF68-549D-41FE-AD72-C398B549D58B}.Debug|Any CPU.Build.0 = Debug|Any CPU
		{363AFF68-549D-41FE-AD72-C398B549D58B}.Debug|x64.ActiveCfg = Debug|Any CPU
		{363AFF68-549D-41FE-AD72-C398B549D58B}.Debug|x64.Build.0 = Debug|Any CPU
		{363AFF68-549D-41FE-AD72-C398B549D58B}.Debug|x86.ActiveCfg = Debug|Any CPU
		{363AFF68-549D-41FE-AD72-C398B549D58B}.Debug|x86.Build.0 = Debug|Any CPU
		{363AFF68-549D-41FE-AD72-C398B549D58B}.Release|Any CPU.ActiveCfg = Release|Any CPU
		{363AFF68-549D-41FE-AD72-C398B549D58B}.Release|Any CPU.Build.0 = Release|Any CPU
		{363AFF68-549D-41FE-AD72-C398B549D58B}.Release|x64.ActiveCfg = Release|Any CPU
		{363AFF68-549D-41FE-AD72-C398B549D58B}.Release|x64.Build.0 = Release|Any CPU
		{363AFF68-549D-41FE-AD72-C398B549D58B}.Release|x86.ActiveCfg = Release|Any CPU
		{363AFF68-549D-41FE-AD72-C398B549D58B}.Release|x86.Build.0 = Release|Any CPU
		{9C173ED8-DDC9-4E6D-9B15-5E2D375CDD9B}.Debug|Any CPU.ActiveCfg = Debug|Any CPU
		{9C173ED8-DDC9-4E6D-9B15-5E2D375CDD9B}.Debug|Any CPU.Build.0 = Debug|Any CPU
		{9C173ED8-DDC9-4E6D-9B15-5E2D375CDD9B}.Debug|x64.ActiveCfg = Debug|Any CPU
		{9C173ED8-DDC9-4E6D-9B15-5E2D375CDD9B}.Debug|x64.Build.0 = Debug|Any CPU
		{9C173ED8-DDC9-4E6D-9B15-5E2D375CDD9B}.Debug|x86.ActiveCfg = Debug|Any CPU
		{9C173ED8-DDC9-4E6D-9B15-5E2D375CDD9B}.Debug|x86.Build.0 = Debug|Any CPU
		{9C173ED8-DDC9-4E6D-9B15-5E2D375CDD9B}.Release|Any CPU.ActiveCfg = Release|Any CPU
		{9C173ED8-DDC9-4E6D-9B15-5E2D375CDD9B}.Release|Any CPU.Build.0 = Release|Any CPU
		{9C173ED8-DDC9-4E6D-9B15-5E2D375CDD9B}.Release|x64.ActiveCfg = Release|Any CPU
		{9C173ED8-DDC9-4E6D-9B15-5E2D375CDD9B}.Release|x64.Build.0 = Release|Any CPU
		{9C173ED8-DDC9-4E6D-9B15-5E2D375CDD9B}.Release|x86.ActiveCfg = Release|Any CPU
		{9C173ED8-DDC9-4E6D-9B15-5E2D375CDD9B}.Release|x86.Build.0 = Release|Any CPU
		{64B62FBD-4535-4D42-B244-36BBB7EAB1F2}.Debug|Any CPU.ActiveCfg = Debug|Any CPU
		{64B62FBD-4535-4D42-B244-36BBB7EAB1F2}.Debug|Any CPU.Build.0 = Debug|Any CPU
		{64B62FBD-4535-4D42-B244-36BBB7EAB1F2}.Debug|x64.ActiveCfg = Debug|Any CPU
		{64B62FBD-4535-4D42-B244-36BBB7EAB1F2}.Debug|x64.Build.0 = Debug|Any CPU
		{64B62FBD-4535-4D42-B244-36BBB7EAB1F2}.Debug|x86.ActiveCfg = Debug|Any CPU
		{64B62FBD-4535-4D42-B244-36BBB7EAB1F2}.Debug|x86.Build.0 = Debug|Any CPU
		{64B62FBD-4535-4D42-B244-36BBB7EAB1F2}.Release|Any CPU.ActiveCfg = Release|Any CPU
		{64B62FBD-4535-4D42-B244-36BBB7EAB1F2}.Release|Any CPU.Build.0 = Release|Any CPU
		{64B62FBD-4535-4D42-B244-36BBB7EAB1F2}.Release|x64.ActiveCfg = Release|Any CPU
		{64B62FBD-4535-4D42-B244-36BBB7EAB1F2}.Release|x64.Build.0 = Release|Any CPU
		{64B62FBD-4535-4D42-B244-36BBB7EAB1F2}.Release|x86.ActiveCfg = Release|Any CPU
		{64B62FBD-4535-4D42-B244-36BBB7EAB1F2}.Release|x86.Build.0 = Release|Any CPU
		{D8507FB1-C3DE-47EA-8488-F8723E906752}.Debug|Any CPU.ActiveCfg = Debug|Any CPU
		{D8507FB1-C3DE-47EA-8488-F8723E906752}.Debug|Any CPU.Build.0 = Debug|Any CPU
		{D8507FB1-C3DE-47EA-8488-F8723E906752}.Debug|x64.ActiveCfg = Debug|Any CPU
		{D8507FB1-C3DE-47EA-8488-F8723E906752}.Debug|x64.Build.0 = Debug|Any CPU
		{D8507FB1-C3DE-47EA-8488-F8723E906752}.Debug|x86.ActiveCfg = Debug|Any CPU
		{D8507FB1-C3DE-47EA-8488-F8723E906752}.Debug|x86.Build.0 = Debug|Any CPU
		{D8507FB1-C3DE-47EA-8488-F8723E906752}.Release|Any CPU.ActiveCfg = Release|Any CPU
		{D8507FB1-C3DE-47EA-8488-F8723E906752}.Release|Any CPU.Build.0 = Release|Any CPU
		{D8507FB1-C3DE-47EA-8488-F8723E906752}.Release|x64.ActiveCfg = Release|Any CPU
		{D8507FB1-C3DE-47EA-8488-F8723E906752}.Release|x64.Build.0 = Release|Any CPU
		{D8507FB1-C3DE-47EA-8488-F8723E906752}.Release|x86.ActiveCfg = Release|Any CPU
		{D8507FB1-C3DE-47EA-8488-F8723E906752}.Release|x86.Build.0 = Release|Any CPU
		{86B32451-CBE0-4490-8F5D-E1295A53C6FA}.Debug|Any CPU.ActiveCfg = Debug|Any CPU
		{86B32451-CBE0-4490-8F5D-E1295A53C6FA}.Debug|Any CPU.Build.0 = Debug|Any CPU
		{86B32451-CBE0-4490-8F5D-E1295A53C6FA}.Debug|x64.ActiveCfg = Debug|Any CPU
		{86B32451-CBE0-4490-8F5D-E1295A53C6FA}.Debug|x64.Build.0 = Debug|Any CPU
		{86B32451-CBE0-4490-8F5D-E1295A53C6FA}.Debug|x86.ActiveCfg = Debug|Any CPU
		{86B32451-CBE0-4490-8F5D-E1295A53C6FA}.Debug|x86.Build.0 = Debug|Any CPU
		{86B32451-CBE0-4490-8F5D-E1295A53C6FA}.Release|Any CPU.ActiveCfg = Release|Any CPU
		{86B32451-CBE0-4490-8F5D-E1295A53C6FA}.Release|Any CPU.Build.0 = Release|Any CPU
		{86B32451-CBE0-4490-8F5D-E1295A53C6FA}.Release|x64.ActiveCfg = Release|Any CPU
		{86B32451-CBE0-4490-8F5D-E1295A53C6FA}.Release|x64.Build.0 = Release|Any CPU
		{86B32451-CBE0-4490-8F5D-E1295A53C6FA}.Release|x86.ActiveCfg = Release|Any CPU
		{86B32451-CBE0-4490-8F5D-E1295A53C6FA}.Release|x86.Build.0 = Release|Any CPU
		{BDAD7B12-E674-43B4-90EA-B9A68DC3B03F}.Debug|Any CPU.ActiveCfg = Debug|Any CPU
		{BDAD7B12-E674-43B4-90EA-B9A68DC3B03F}.Debug|Any CPU.Build.0 = Debug|Any CPU
		{BDAD7B12-E674-43B4-90EA-B9A68DC3B03F}.Debug|x64.ActiveCfg = Debug|Any CPU
		{BDAD7B12-E674-43B4-90EA-B9A68DC3B03F}.Debug|x64.Build.0 = Debug|Any CPU
		{BDAD7B12-E674-43B4-90EA-B9A68DC3B03F}.Debug|x86.ActiveCfg = Debug|Any CPU
		{BDAD7B12-E674-43B4-90EA-B9A68DC3B03F}.Debug|x86.Build.0 = Debug|Any CPU
		{BDAD7B12-E674-43B4-90EA-B9A68DC3B03F}.Release|Any CPU.ActiveCfg = Release|Any CPU
		{BDAD7B12-E674-43B4-90EA-B9A68DC3B03F}.Release|Any CPU.Build.0 = Release|Any CPU
		{BDAD7B12-E674-43B4-90EA-B9A68DC3B03F}.Release|x64.ActiveCfg = Release|Any CPU
		{BDAD7B12-E674-43B4-90EA-B9A68DC3B03F}.Release|x64.Build.0 = Release|Any CPU
		{BDAD7B12-E674-43B4-90EA-B9A68DC3B03F}.Release|x86.ActiveCfg = Release|Any CPU
		{BDAD7B12-E674-43B4-90EA-B9A68DC3B03F}.Release|x86.Build.0 = Release|Any CPU
		{D50B3498-936C-4598-95F4-9E9F8F3909C9}.Debug|Any CPU.ActiveCfg = Debug|Any CPU
		{D50B3498-936C-4598-95F4-9E9F8F3909C9}.Debug|Any CPU.Build.0 = Debug|Any CPU
		{D50B3498-936C-4598-95F4-9E9F8F3909C9}.Debug|x64.ActiveCfg = Debug|Any CPU
		{D50B3498-936C-4598-95F4-9E9F8F3909C9}.Debug|x64.Build.0 = Debug|Any CPU
		{D50B3498-936C-4598-95F4-9E9F8F3909C9}.Debug|x86.ActiveCfg = Debug|Any CPU
		{D50B3498-936C-4598-95F4-9E9F8F3909C9}.Debug|x86.Build.0 = Debug|Any CPU
		{D50B3498-936C-4598-95F4-9E9F8F3909C9}.Release|Any CPU.ActiveCfg = Release|Any CPU
		{D50B3498-936C-4598-95F4-9E9F8F3909C9}.Release|Any CPU.Build.0 = Release|Any CPU
		{D50B3498-936C-4598-95F4-9E9F8F3909C9}.Release|x64.ActiveCfg = Release|Any CPU
		{D50B3498-936C-4598-95F4-9E9F8F3909C9}.Release|x64.Build.0 = Release|Any CPU
		{D50B3498-936C-4598-95F4-9E9F8F3909C9}.Release|x86.ActiveCfg = Release|Any CPU
		{D50B3498-936C-4598-95F4-9E9F8F3909C9}.Release|x86.Build.0 = Release|Any CPU
		{4346A26D-0DF3-4E1B-BEC2-1C9AE93FAEA7}.Debug|Any CPU.ActiveCfg = Debug|Any CPU
		{4346A26D-0DF3-4E1B-BEC2-1C9AE93FAEA7}.Debug|Any CPU.Build.0 = Debug|Any CPU
		{4346A26D-0DF3-4E1B-BEC2-1C9AE93FAEA7}.Debug|x64.ActiveCfg = Debug|Any CPU
		{4346A26D-0DF3-4E1B-BEC2-1C9AE93FAEA7}.Debug|x64.Build.0 = Debug|Any CPU
		{4346A26D-0DF3-4E1B-BEC2-1C9AE93FAEA7}.Debug|x86.ActiveCfg = Debug|Any CPU
		{4346A26D-0DF3-4E1B-BEC2-1C9AE93FAEA7}.Debug|x86.Build.0 = Debug|Any CPU
		{4346A26D-0DF3-4E1B-BEC2-1C9AE93FAEA7}.Release|Any CPU.ActiveCfg = Release|Any CPU
		{4346A26D-0DF3-4E1B-BEC2-1C9AE93FAEA7}.Release|Any CPU.Build.0 = Release|Any CPU
		{4346A26D-0DF3-4E1B-BEC2-1C9AE93FAEA7}.Release|x64.ActiveCfg = Release|Any CPU
		{4346A26D-0DF3-4E1B-BEC2-1C9AE93FAEA7}.Release|x64.Build.0 = Release|Any CPU
		{4346A26D-0DF3-4E1B-BEC2-1C9AE93FAEA7}.Release|x86.ActiveCfg = Release|Any CPU
		{4346A26D-0DF3-4E1B-BEC2-1C9AE93FAEA7}.Release|x86.Build.0 = Release|Any CPU
		{700D6437-0DA5-45B6-8842-DDFDC0758B0A}.Debug|Any CPU.ActiveCfg = Debug|Any CPU
		{700D6437-0DA5-45B6-8842-DDFDC0758B0A}.Debug|Any CPU.Build.0 = Debug|Any CPU
		{700D6437-0DA5-45B6-8842-DDFDC0758B0A}.Debug|x64.ActiveCfg = Debug|Any CPU
		{700D6437-0DA5-45B6-8842-DDFDC0758B0A}.Debug|x64.Build.0 = Debug|Any CPU
		{700D6437-0DA5-45B6-8842-DDFDC0758B0A}.Debug|x86.ActiveCfg = Debug|Any CPU
		{700D6437-0DA5-45B6-8842-DDFDC0758B0A}.Debug|x86.Build.0 = Debug|Any CPU
		{700D6437-0DA5-45B6-8842-DDFDC0758B0A}.Release|Any CPU.ActiveCfg = Release|Any CPU
		{700D6437-0DA5-45B6-8842-DDFDC0758B0A}.Release|Any CPU.Build.0 = Release|Any CPU
		{700D6437-0DA5-45B6-8842-DDFDC0758B0A}.Release|x64.ActiveCfg = Release|Any CPU
		{700D6437-0DA5-45B6-8842-DDFDC0758B0A}.Release|x64.Build.0 = Release|Any CPU
		{700D6437-0DA5-45B6-8842-DDFDC0758B0A}.Release|x86.ActiveCfg = Release|Any CPU
		{700D6437-0DA5-45B6-8842-DDFDC0758B0A}.Release|x86.Build.0 = Release|Any CPU
		{3A61F41A-A32A-4CD7-B3F4-84C17A0A2F3A}.Debug|Any CPU.ActiveCfg = Debug|Any CPU
		{3A61F41A-A32A-4CD7-B3F4-84C17A0A2F3A}.Debug|Any CPU.Build.0 = Debug|Any CPU
		{3A61F41A-A32A-4CD7-B3F4-84C17A0A2F3A}.Debug|x64.ActiveCfg = Debug|Any CPU
		{3A61F41A-A32A-4CD7-B3F4-84C17A0A2F3A}.Debug|x64.Build.0 = Debug|Any CPU
		{3A61F41A-A32A-4CD7-B3F4-84C17A0A2F3A}.Debug|x86.ActiveCfg = Debug|Any CPU
		{3A61F41A-A32A-4CD7-B3F4-84C17A0A2F3A}.Debug|x86.Build.0 = Debug|Any CPU
		{3A61F41A-A32A-4CD7-B3F4-84C17A0A2F3A}.Release|Any CPU.ActiveCfg = Release|Any CPU
		{3A61F41A-A32A-4CD7-B3F4-84C17A0A2F3A}.Release|Any CPU.Build.0 = Release|Any CPU
		{3A61F41A-A32A-4CD7-B3F4-84C17A0A2F3A}.Release|x64.ActiveCfg = Release|Any CPU
		{3A61F41A-A32A-4CD7-B3F4-84C17A0A2F3A}.Release|x64.Build.0 = Release|Any CPU
		{3A61F41A-A32A-4CD7-B3F4-84C17A0A2F3A}.Release|x86.ActiveCfg = Release|Any CPU
		{3A61F41A-A32A-4CD7-B3F4-84C17A0A2F3A}.Release|x86.Build.0 = Release|Any CPU
		{5613584F-E077-4AAF-A14C-275B8B009B23}.Debug|Any CPU.ActiveCfg = Debug|Any CPU
		{5613584F-E077-4AAF-A14C-275B8B009B23}.Debug|Any CPU.Build.0 = Debug|Any CPU
		{5613584F-E077-4AAF-A14C-275B8B009B23}.Debug|x64.ActiveCfg = Debug|Any CPU
		{5613584F-E077-4AAF-A14C-275B8B009B23}.Debug|x64.Build.0 = Debug|Any CPU
		{5613584F-E077-4AAF-A14C-275B8B009B23}.Debug|x86.ActiveCfg = Debug|Any CPU
		{5613584F-E077-4AAF-A14C-275B8B009B23}.Debug|x86.Build.0 = Debug|Any CPU
		{5613584F-E077-4AAF-A14C-275B8B009B23}.Release|Any CPU.ActiveCfg = Release|Any CPU
		{5613584F-E077-4AAF-A14C-275B8B009B23}.Release|Any CPU.Build.0 = Release|Any CPU
		{5613584F-E077-4AAF-A14C-275B8B009B23}.Release|x64.ActiveCfg = Release|Any CPU
		{5613584F-E077-4AAF-A14C-275B8B009B23}.Release|x64.Build.0 = Release|Any CPU
		{5613584F-E077-4AAF-A14C-275B8B009B23}.Release|x86.ActiveCfg = Release|Any CPU
		{5613584F-E077-4AAF-A14C-275B8B009B23}.Release|x86.Build.0 = Release|Any CPU
		{0277C6AA-0776-4A54-8C44-D74ABC026D20}.Debug|Any CPU.ActiveCfg = Debug|Any CPU
		{0277C6AA-0776-4A54-8C44-D74ABC026D20}.Debug|Any CPU.Build.0 = Debug|Any CPU
		{0277C6AA-0776-4A54-8C44-D74ABC026D20}.Debug|Any CPU.Deploy.0 = Debug|Any CPU
		{0277C6AA-0776-4A54-8C44-D74ABC026D20}.Debug|x64.ActiveCfg = Debug|Any CPU
		{0277C6AA-0776-4A54-8C44-D74ABC026D20}.Debug|x64.Build.0 = Debug|Any CPU
		{0277C6AA-0776-4A54-8C44-D74ABC026D20}.Debug|x64.Deploy.0 = Debug|Any CPU
		{0277C6AA-0776-4A54-8C44-D74ABC026D20}.Debug|x86.ActiveCfg = Debug|Any CPU
		{0277C6AA-0776-4A54-8C44-D74ABC026D20}.Debug|x86.Build.0 = Debug|Any CPU
		{0277C6AA-0776-4A54-8C44-D74ABC026D20}.Debug|x86.Deploy.0 = Debug|Any CPU
		{0277C6AA-0776-4A54-8C44-D74ABC026D20}.Release|Any CPU.ActiveCfg = Release|Any CPU
		{0277C6AA-0776-4A54-8C44-D74ABC026D20}.Release|Any CPU.Build.0 = Release|Any CPU
		{0277C6AA-0776-4A54-8C44-D74ABC026D20}.Release|Any CPU.Deploy.0 = Release|Any CPU
		{0277C6AA-0776-4A54-8C44-D74ABC026D20}.Release|x64.ActiveCfg = Release|Any CPU
		{0277C6AA-0776-4A54-8C44-D74ABC026D20}.Release|x64.Build.0 = Release|Any CPU
		{0277C6AA-0776-4A54-8C44-D74ABC026D20}.Release|x64.Deploy.0 = Release|Any CPU
		{0277C6AA-0776-4A54-8C44-D74ABC026D20}.Release|x86.ActiveCfg = Release|Any CPU
		{0277C6AA-0776-4A54-8C44-D74ABC026D20}.Release|x86.Build.0 = Release|Any CPU
		{0277C6AA-0776-4A54-8C44-D74ABC026D20}.Release|x86.Deploy.0 = Release|Any CPU
		{F8C902E9-0296-4A70-AC2E-36C817756DE3}.Debug|Any CPU.ActiveCfg = Debug|Any CPU
		{F8C902E9-0296-4A70-AC2E-36C817756DE3}.Debug|Any CPU.Build.0 = Debug|Any CPU
		{F8C902E9-0296-4A70-AC2E-36C817756DE3}.Debug|x64.ActiveCfg = Debug|Any CPU
		{F8C902E9-0296-4A70-AC2E-36C817756DE3}.Debug|x64.Build.0 = Debug|Any CPU
		{F8C902E9-0296-4A70-AC2E-36C817756DE3}.Debug|x86.ActiveCfg = Debug|Any CPU
		{F8C902E9-0296-4A70-AC2E-36C817756DE3}.Debug|x86.Build.0 = Debug|Any CPU
		{F8C902E9-0296-4A70-AC2E-36C817756DE3}.Release|Any CPU.ActiveCfg = Release|Any CPU
		{F8C902E9-0296-4A70-AC2E-36C817756DE3}.Release|Any CPU.Build.0 = Release|Any CPU
		{F8C902E9-0296-4A70-AC2E-36C817756DE3}.Release|x64.ActiveCfg = Release|Any CPU
		{F8C902E9-0296-4A70-AC2E-36C817756DE3}.Release|x64.Build.0 = Release|Any CPU
		{F8C902E9-0296-4A70-AC2E-36C817756DE3}.Release|x86.ActiveCfg = Release|Any CPU
		{F8C902E9-0296-4A70-AC2E-36C817756DE3}.Release|x86.Build.0 = Release|Any CPU
		{BBDF6723-2035-46C2-8FF3-CFDFCD4DF8F7}.Debug|Any CPU.ActiveCfg = Debug|Any CPU
		{BBDF6723-2035-46C2-8FF3-CFDFCD4DF8F7}.Debug|Any CPU.Build.0 = Debug|Any CPU
		{BBDF6723-2035-46C2-8FF3-CFDFCD4DF8F7}.Debug|x64.ActiveCfg = Debug|Any CPU
		{BBDF6723-2035-46C2-8FF3-CFDFCD4DF8F7}.Debug|x64.Build.0 = Debug|Any CPU
		{BBDF6723-2035-46C2-8FF3-CFDFCD4DF8F7}.Debug|x86.ActiveCfg = Debug|Any CPU
		{BBDF6723-2035-46C2-8FF3-CFDFCD4DF8F7}.Debug|x86.Build.0 = Debug|Any CPU
		{BBDF6723-2035-46C2-8FF3-CFDFCD4DF8F7}.Release|Any CPU.ActiveCfg = Release|Any CPU
		{BBDF6723-2035-46C2-8FF3-CFDFCD4DF8F7}.Release|Any CPU.Build.0 = Release|Any CPU
		{BBDF6723-2035-46C2-8FF3-CFDFCD4DF8F7}.Release|x64.ActiveCfg = Release|Any CPU
		{BBDF6723-2035-46C2-8FF3-CFDFCD4DF8F7}.Release|x64.Build.0 = Release|Any CPU
		{BBDF6723-2035-46C2-8FF3-CFDFCD4DF8F7}.Release|x86.ActiveCfg = Release|Any CPU
		{BBDF6723-2035-46C2-8FF3-CFDFCD4DF8F7}.Release|x86.Build.0 = Release|Any CPU
		{4C62EFA3-9AA6-4A91-988A-79F8411E93DB}.Debug|Any CPU.ActiveCfg = Debug|Any CPU
		{4C62EFA3-9AA6-4A91-988A-79F8411E93DB}.Debug|Any CPU.Build.0 = Debug|Any CPU
		{4C62EFA3-9AA6-4A91-988A-79F8411E93DB}.Debug|x64.ActiveCfg = Debug|Any CPU
		{4C62EFA3-9AA6-4A91-988A-79F8411E93DB}.Debug|x64.Build.0 = Debug|Any CPU
		{4C62EFA3-9AA6-4A91-988A-79F8411E93DB}.Debug|x86.ActiveCfg = Debug|Any CPU
		{4C62EFA3-9AA6-4A91-988A-79F8411E93DB}.Debug|x86.Build.0 = Debug|Any CPU
		{4C62EFA3-9AA6-4A91-988A-79F8411E93DB}.Release|Any CPU.ActiveCfg = Release|Any CPU
		{4C62EFA3-9AA6-4A91-988A-79F8411E93DB}.Release|Any CPU.Build.0 = Release|Any CPU
		{4C62EFA3-9AA6-4A91-988A-79F8411E93DB}.Release|x64.ActiveCfg = Release|Any CPU
		{4C62EFA3-9AA6-4A91-988A-79F8411E93DB}.Release|x64.Build.0 = Release|Any CPU
		{4C62EFA3-9AA6-4A91-988A-79F8411E93DB}.Release|x86.ActiveCfg = Release|Any CPU
		{4C62EFA3-9AA6-4A91-988A-79F8411E93DB}.Release|x86.Build.0 = Release|Any CPU
		{5AE5147B-57E5-49B1-A51B-7852B700CEE7}.Debug|Any CPU.ActiveCfg = Debug|Any CPU
		{5AE5147B-57E5-49B1-A51B-7852B700CEE7}.Debug|Any CPU.Build.0 = Debug|Any CPU
		{5AE5147B-57E5-49B1-A51B-7852B700CEE7}.Debug|x64.ActiveCfg = Debug|Any CPU
		{5AE5147B-57E5-49B1-A51B-7852B700CEE7}.Debug|x64.Build.0 = Debug|Any CPU
		{5AE5147B-57E5-49B1-A51B-7852B700CEE7}.Debug|x86.ActiveCfg = Debug|Any CPU
		{5AE5147B-57E5-49B1-A51B-7852B700CEE7}.Debug|x86.Build.0 = Debug|Any CPU
		{5AE5147B-57E5-49B1-A51B-7852B700CEE7}.Release|Any CPU.ActiveCfg = Release|Any CPU
		{5AE5147B-57E5-49B1-A51B-7852B700CEE7}.Release|Any CPU.Build.0 = Release|Any CPU
		{5AE5147B-57E5-49B1-A51B-7852B700CEE7}.Release|x64.ActiveCfg = Release|Any CPU
		{5AE5147B-57E5-49B1-A51B-7852B700CEE7}.Release|x64.Build.0 = Release|Any CPU
		{5AE5147B-57E5-49B1-A51B-7852B700CEE7}.Release|x86.ActiveCfg = Release|Any CPU
		{5AE5147B-57E5-49B1-A51B-7852B700CEE7}.Release|x86.Build.0 = Release|Any CPU
		{6F17CBA5-8B7E-4E57-BF52-E1A125B0FFBC}.Debug|Any CPU.ActiveCfg = Debug|x64
		{6F17CBA5-8B7E-4E57-BF52-E1A125B0FFBC}.Debug|Any CPU.Build.0 = Debug|x64
		{6F17CBA5-8B7E-4E57-BF52-E1A125B0FFBC}.Debug|x64.ActiveCfg = Debug|x64
		{6F17CBA5-8B7E-4E57-BF52-E1A125B0FFBC}.Debug|x64.Build.0 = Debug|x64
		{6F17CBA5-8B7E-4E57-BF52-E1A125B0FFBC}.Debug|x86.ActiveCfg = Debug|Win32
		{6F17CBA5-8B7E-4E57-BF52-E1A125B0FFBC}.Debug|x86.Build.0 = Debug|Win32
		{6F17CBA5-8B7E-4E57-BF52-E1A125B0FFBC}.Release|Any CPU.ActiveCfg = Release|x64
		{6F17CBA5-8B7E-4E57-BF52-E1A125B0FFBC}.Release|Any CPU.Build.0 = Release|x64
		{6F17CBA5-8B7E-4E57-BF52-E1A125B0FFBC}.Release|x64.ActiveCfg = Release|x64
		{6F17CBA5-8B7E-4E57-BF52-E1A125B0FFBC}.Release|x64.Build.0 = Release|x64
		{6F17CBA5-8B7E-4E57-BF52-E1A125B0FFBC}.Release|x86.ActiveCfg = Release|Win32
		{6F17CBA5-8B7E-4E57-BF52-E1A125B0FFBC}.Release|x86.Build.0 = Release|Win32
		{5F0D7378-D698-41BB-A9A4-D503AA839E3F}.Debug|Any CPU.ActiveCfg = Debug|Any CPU
		{5F0D7378-D698-41BB-A9A4-D503AA839E3F}.Debug|Any CPU.Build.0 = Debug|Any CPU
		{5F0D7378-D698-41BB-A9A4-D503AA839E3F}.Debug|x64.ActiveCfg = Debug|Any CPU
		{5F0D7378-D698-41BB-A9A4-D503AA839E3F}.Debug|x64.Build.0 = Debug|Any CPU
		{5F0D7378-D698-41BB-A9A4-D503AA839E3F}.Debug|x86.ActiveCfg = Debug|Any CPU
		{5F0D7378-D698-41BB-A9A4-D503AA839E3F}.Debug|x86.Build.0 = Debug|Any CPU
		{5F0D7378-D698-41BB-A9A4-D503AA839E3F}.Release|Any CPU.ActiveCfg = Release|Any CPU
		{5F0D7378-D698-41BB-A9A4-D503AA839E3F}.Release|Any CPU.Build.0 = Release|Any CPU
		{5F0D7378-D698-41BB-A9A4-D503AA839E3F}.Release|x64.ActiveCfg = Release|Any CPU
		{5F0D7378-D698-41BB-A9A4-D503AA839E3F}.Release|x64.Build.0 = Release|Any CPU
		{5F0D7378-D698-41BB-A9A4-D503AA839E3F}.Release|x86.ActiveCfg = Release|Any CPU
		{5F0D7378-D698-41BB-A9A4-D503AA839E3F}.Release|x86.Build.0 = Release|Any CPU
		{9ACA03EC-5467-4D7D-93FF-2DE37B072E43}.Debug|Any CPU.ActiveCfg = Debug|Any CPU
		{9ACA03EC-5467-4D7D-93FF-2DE37B072E43}.Debug|Any CPU.Build.0 = Debug|Any CPU
		{9ACA03EC-5467-4D7D-93FF-2DE37B072E43}.Debug|x64.ActiveCfg = Debug|Any CPU
		{9ACA03EC-5467-4D7D-93FF-2DE37B072E43}.Debug|x64.Build.0 = Debug|Any CPU
		{9ACA03EC-5467-4D7D-93FF-2DE37B072E43}.Debug|x86.ActiveCfg = Debug|Any CPU
		{9ACA03EC-5467-4D7D-93FF-2DE37B072E43}.Debug|x86.Build.0 = Debug|Any CPU
		{9ACA03EC-5467-4D7D-93FF-2DE37B072E43}.Release|Any CPU.ActiveCfg = Release|Any CPU
		{9ACA03EC-5467-4D7D-93FF-2DE37B072E43}.Release|Any CPU.Build.0 = Release|Any CPU
		{9ACA03EC-5467-4D7D-93FF-2DE37B072E43}.Release|x64.ActiveCfg = Release|Any CPU
		{9ACA03EC-5467-4D7D-93FF-2DE37B072E43}.Release|x64.Build.0 = Release|Any CPU
		{9ACA03EC-5467-4D7D-93FF-2DE37B072E43}.Release|x86.ActiveCfg = Release|Any CPU
		{9ACA03EC-5467-4D7D-93FF-2DE37B072E43}.Release|x86.Build.0 = Release|Any CPU
		{C38E3C7D-6590-49BE-8716-BBF5FBC445E5}.Debug|Any CPU.ActiveCfg = Debug|Any CPU
		{C38E3C7D-6590-49BE-8716-BBF5FBC445E5}.Debug|Any CPU.Build.0 = Debug|Any CPU
		{C38E3C7D-6590-49BE-8716-BBF5FBC445E5}.Debug|x64.ActiveCfg = Debug|Any CPU
		{C38E3C7D-6590-49BE-8716-BBF5FBC445E5}.Debug|x64.Build.0 = Debug|Any CPU
		{C38E3C7D-6590-49BE-8716-BBF5FBC445E5}.Debug|x86.ActiveCfg = Debug|Any CPU
		{C38E3C7D-6590-49BE-8716-BBF5FBC445E5}.Debug|x86.Build.0 = Debug|Any CPU
		{C38E3C7D-6590-49BE-8716-BBF5FBC445E5}.Release|Any CPU.ActiveCfg = Release|Any CPU
		{C38E3C7D-6590-49BE-8716-BBF5FBC445E5}.Release|Any CPU.Build.0 = Release|Any CPU
		{C38E3C7D-6590-49BE-8716-BBF5FBC445E5}.Release|x64.ActiveCfg = Release|Any CPU
		{C38E3C7D-6590-49BE-8716-BBF5FBC445E5}.Release|x64.Build.0 = Release|Any CPU
		{C38E3C7D-6590-49BE-8716-BBF5FBC445E5}.Release|x86.ActiveCfg = Release|Any CPU
		{C38E3C7D-6590-49BE-8716-BBF5FBC445E5}.Release|x86.Build.0 = Release|Any CPU
		{52D3F2EF-8CA8-4270-B4A5-9505666D9F6D}.Debug|Any CPU.ActiveCfg = Debug|Any CPU
		{52D3F2EF-8CA8-4270-B4A5-9505666D9F6D}.Debug|Any CPU.Build.0 = Debug|Any CPU
		{52D3F2EF-8CA8-4270-B4A5-9505666D9F6D}.Debug|x64.ActiveCfg = Debug|Any CPU
		{52D3F2EF-8CA8-4270-B4A5-9505666D9F6D}.Debug|x64.Build.0 = Debug|Any CPU
		{52D3F2EF-8CA8-4270-B4A5-9505666D9F6D}.Debug|x86.ActiveCfg = Debug|Any CPU
		{52D3F2EF-8CA8-4270-B4A5-9505666D9F6D}.Debug|x86.Build.0 = Debug|Any CPU
		{52D3F2EF-8CA8-4270-B4A5-9505666D9F6D}.Release|Any CPU.ActiveCfg = Release|Any CPU
		{52D3F2EF-8CA8-4270-B4A5-9505666D9F6D}.Release|Any CPU.Build.0 = Release|Any CPU
		{52D3F2EF-8CA8-4270-B4A5-9505666D9F6D}.Release|x64.ActiveCfg = Release|Any CPU
		{52D3F2EF-8CA8-4270-B4A5-9505666D9F6D}.Release|x64.Build.0 = Release|Any CPU
		{52D3F2EF-8CA8-4270-B4A5-9505666D9F6D}.Release|x86.ActiveCfg = Release|Any CPU
		{52D3F2EF-8CA8-4270-B4A5-9505666D9F6D}.Release|x86.Build.0 = Release|Any CPU
		{C025CD9B-F205-4DB0-A528-AA3589C1D6AD}.Debug|Any CPU.ActiveCfg = Debug|Any CPU
		{C025CD9B-F205-4DB0-A528-AA3589C1D6AD}.Debug|Any CPU.Build.0 = Debug|Any CPU
		{C025CD9B-F205-4DB0-A528-AA3589C1D6AD}.Debug|x64.ActiveCfg = Debug|Any CPU
		{C025CD9B-F205-4DB0-A528-AA3589C1D6AD}.Debug|x64.Build.0 = Debug|Any CPU
		{C025CD9B-F205-4DB0-A528-AA3589C1D6AD}.Debug|x86.ActiveCfg = Debug|Any CPU
		{C025CD9B-F205-4DB0-A528-AA3589C1D6AD}.Debug|x86.Build.0 = Debug|Any CPU
		{C025CD9B-F205-4DB0-A528-AA3589C1D6AD}.Release|Any CPU.ActiveCfg = Release|Any CPU
		{C025CD9B-F205-4DB0-A528-AA3589C1D6AD}.Release|Any CPU.Build.0 = Release|Any CPU
		{C025CD9B-F205-4DB0-A528-AA3589C1D6AD}.Release|x64.ActiveCfg = Release|Any CPU
		{C025CD9B-F205-4DB0-A528-AA3589C1D6AD}.Release|x64.Build.0 = Release|Any CPU
		{C025CD9B-F205-4DB0-A528-AA3589C1D6AD}.Release|x86.ActiveCfg = Release|Any CPU
		{C025CD9B-F205-4DB0-A528-AA3589C1D6AD}.Release|x86.Build.0 = Release|Any CPU
		{5B8C64BC-5C9C-4B1C-B2FB-3D2741F95F91}.Debug|Any CPU.ActiveCfg = Debug|Any CPU
		{5B8C64BC-5C9C-4B1C-B2FB-3D2741F95F91}.Debug|Any CPU.Build.0 = Debug|Any CPU
		{5B8C64BC-5C9C-4B1C-B2FB-3D2741F95F91}.Debug|x64.ActiveCfg = Debug|Any CPU
		{5B8C64BC-5C9C-4B1C-B2FB-3D2741F95F91}.Debug|x64.Build.0 = Debug|Any CPU
		{5B8C64BC-5C9C-4B1C-B2FB-3D2741F95F91}.Debug|x86.ActiveCfg = Debug|Any CPU
		{5B8C64BC-5C9C-4B1C-B2FB-3D2741F95F91}.Debug|x86.Build.0 = Debug|Any CPU
		{5B8C64BC-5C9C-4B1C-B2FB-3D2741F95F91}.Release|Any CPU.ActiveCfg = Release|Any CPU
		{5B8C64BC-5C9C-4B1C-B2FB-3D2741F95F91}.Release|Any CPU.Build.0 = Release|Any CPU
		{5B8C64BC-5C9C-4B1C-B2FB-3D2741F95F91}.Release|x64.ActiveCfg = Release|Any CPU
		{5B8C64BC-5C9C-4B1C-B2FB-3D2741F95F91}.Release|x64.Build.0 = Release|Any CPU
		{5B8C64BC-5C9C-4B1C-B2FB-3D2741F95F91}.Release|x86.ActiveCfg = Release|Any CPU
		{5B8C64BC-5C9C-4B1C-B2FB-3D2741F95F91}.Release|x86.Build.0 = Release|Any CPU
		{0672B11D-D7F3-48A1-97C4-8EF5ED0FE6CB}.Debug|Any CPU.ActiveCfg = Debug|Any CPU
		{0672B11D-D7F3-48A1-97C4-8EF5ED0FE6CB}.Debug|Any CPU.Build.0 = Debug|Any CPU
		{0672B11D-D7F3-48A1-97C4-8EF5ED0FE6CB}.Debug|x64.ActiveCfg = Debug|Any CPU
		{0672B11D-D7F3-48A1-97C4-8EF5ED0FE6CB}.Debug|x64.Build.0 = Debug|Any CPU
		{0672B11D-D7F3-48A1-97C4-8EF5ED0FE6CB}.Debug|x86.ActiveCfg = Debug|Any CPU
		{0672B11D-D7F3-48A1-97C4-8EF5ED0FE6CB}.Debug|x86.Build.0 = Debug|Any CPU
		{0672B11D-D7F3-48A1-97C4-8EF5ED0FE6CB}.Release|Any CPU.ActiveCfg = Release|Any CPU
		{0672B11D-D7F3-48A1-97C4-8EF5ED0FE6CB}.Release|Any CPU.Build.0 = Release|Any CPU
		{0672B11D-D7F3-48A1-97C4-8EF5ED0FE6CB}.Release|x64.ActiveCfg = Release|Any CPU
		{0672B11D-D7F3-48A1-97C4-8EF5ED0FE6CB}.Release|x64.Build.0 = Release|Any CPU
		{0672B11D-D7F3-48A1-97C4-8EF5ED0FE6CB}.Release|x86.ActiveCfg = Release|Any CPU
		{0672B11D-D7F3-48A1-97C4-8EF5ED0FE6CB}.Release|x86.Build.0 = Release|Any CPU
		{77ABD939-5CC7-4F9C-9033-8282FC60D332}.Debug|Any CPU.ActiveCfg = Debug|Any CPU
		{77ABD939-5CC7-4F9C-9033-8282FC60D332}.Debug|Any CPU.Build.0 = Debug|Any CPU
		{77ABD939-5CC7-4F9C-9033-8282FC60D332}.Debug|x64.ActiveCfg = Debug|Any CPU
		{77ABD939-5CC7-4F9C-9033-8282FC60D332}.Debug|x64.Build.0 = Debug|Any CPU
		{77ABD939-5CC7-4F9C-9033-8282FC60D332}.Debug|x86.ActiveCfg = Debug|Any CPU
		{77ABD939-5CC7-4F9C-9033-8282FC60D332}.Debug|x86.Build.0 = Debug|Any CPU
		{77ABD939-5CC7-4F9C-9033-8282FC60D332}.Release|Any CPU.ActiveCfg = Release|Any CPU
		{77ABD939-5CC7-4F9C-9033-8282FC60D332}.Release|Any CPU.Build.0 = Release|Any CPU
		{77ABD939-5CC7-4F9C-9033-8282FC60D332}.Release|x64.ActiveCfg = Release|Any CPU
		{77ABD939-5CC7-4F9C-9033-8282FC60D332}.Release|x64.Build.0 = Release|Any CPU
		{77ABD939-5CC7-4F9C-9033-8282FC60D332}.Release|x86.ActiveCfg = Release|Any CPU
		{77ABD939-5CC7-4F9C-9033-8282FC60D332}.Release|x86.Build.0 = Release|Any CPU
		{97486509-DEDF-4F8C-85F0-3B4759183C53}.Debug|Any CPU.ActiveCfg = Debug|Any CPU
		{97486509-DEDF-4F8C-85F0-3B4759183C53}.Debug|Any CPU.Build.0 = Debug|Any CPU
		{97486509-DEDF-4F8C-85F0-3B4759183C53}.Debug|x64.ActiveCfg = Debug|Any CPU
		{97486509-DEDF-4F8C-85F0-3B4759183C53}.Debug|x64.Build.0 = Debug|Any CPU
		{97486509-DEDF-4F8C-85F0-3B4759183C53}.Debug|x86.ActiveCfg = Debug|Any CPU
		{97486509-DEDF-4F8C-85F0-3B4759183C53}.Debug|x86.Build.0 = Debug|Any CPU
		{97486509-DEDF-4F8C-85F0-3B4759183C53}.Release|Any CPU.ActiveCfg = Release|Any CPU
		{97486509-DEDF-4F8C-85F0-3B4759183C53}.Release|Any CPU.Build.0 = Release|Any CPU
		{97486509-DEDF-4F8C-85F0-3B4759183C53}.Release|x64.ActiveCfg = Release|Any CPU
		{97486509-DEDF-4F8C-85F0-3B4759183C53}.Release|x64.Build.0 = Release|Any CPU
		{97486509-DEDF-4F8C-85F0-3B4759183C53}.Release|x86.ActiveCfg = Release|Any CPU
		{97486509-DEDF-4F8C-85F0-3B4759183C53}.Release|x86.Build.0 = Release|Any CPU
	EndGlobalSection
	GlobalSection(SolutionProperties) = preSolution
		HideSolutionNode = FALSE
	EndGlobalSection
	GlobalSection(NestedProjects) = preSolution
		{79201DAA-9214-4113-96E0-3D14397950A0} = {A0E1E503-BBF6-42A5-88ED-85191AB41A06}
		{F9FE065B-486D-4802-A960-68421E802341} = {A0E1E503-BBF6-42A5-88ED-85191AB41A06}
		{38C94AAE-725B-4247-9465-2E3A5B451347} = {A0E1E503-BBF6-42A5-88ED-85191AB41A06}
		{9F93E18F-4129-427F-B312-6B6294D36670} = {A0E1E503-BBF6-42A5-88ED-85191AB41A06}
		{363AFF68-549D-41FE-AD72-C398B549D58B} = {38C94AAE-725B-4247-9465-2E3A5B451347}
		{9C173ED8-DDC9-4E6D-9B15-5E2D375CDD9B} = {6DFC5E9B-5BEE-4C4A-BE7B-4AB4CCD81F20}
		{64B62FBD-4535-4D42-B244-36BBB7EAB1F2} = {6DFC5E9B-5BEE-4C4A-BE7B-4AB4CCD81F20}
		{D8507FB1-C3DE-47EA-8488-F8723E906752} = {6DFC5E9B-5BEE-4C4A-BE7B-4AB4CCD81F20}
		{86B32451-CBE0-4490-8F5D-E1295A53C6FA} = {6DFC5E9B-5BEE-4C4A-BE7B-4AB4CCD81F20}
		{BDAD7B12-E674-43B4-90EA-B9A68DC3B03F} = {6DFC5E9B-5BEE-4C4A-BE7B-4AB4CCD81F20}
		{D50B3498-936C-4598-95F4-9E9F8F3909C9} = {A0E1E503-BBF6-42A5-88ED-85191AB41A06}
		{4346A26D-0DF3-4E1B-BEC2-1C9AE93FAEA7} = {A0E1E503-BBF6-42A5-88ED-85191AB41A06}
		{700D6437-0DA5-45B6-8842-DDFDC0758B0A} = {6DFC5E9B-5BEE-4C4A-BE7B-4AB4CCD81F20}
		{3A61F41A-A32A-4CD7-B3F4-84C17A0A2F3A} = {6DFC5E9B-5BEE-4C4A-BE7B-4AB4CCD81F20}
		{5613584F-E077-4AAF-A14C-275B8B009B23} = {6DFC5E9B-5BEE-4C4A-BE7B-4AB4CCD81F20}
		{0277C6AA-0776-4A54-8C44-D74ABC026D20} = {6DFC5E9B-5BEE-4C4A-BE7B-4AB4CCD81F20}
		{F8C902E9-0296-4A70-AC2E-36C817756DE3} = {A0E1E503-BBF6-42A5-88ED-85191AB41A06}
		{BBDF6723-2035-46C2-8FF3-CFDFCD4DF8F7} = {A0E1E503-BBF6-42A5-88ED-85191AB41A06}
		{4C62EFA3-9AA6-4A91-988A-79F8411E93DB} = {A0E1E503-BBF6-42A5-88ED-85191AB41A06}
		{5AE5147B-57E5-49B1-A51B-7852B700CEE7} = {F9FE065B-486D-4802-A960-68421E802341}
		{6F17CBA5-8B7E-4E57-BF52-E1A125B0FFBC} = {A0E1E503-BBF6-42A5-88ED-85191AB41A06}
		{8C7130F9-9B19-4B19-B272-5D8ED545360A} = {6DFC5E9B-5BEE-4C4A-BE7B-4AB4CCD81F20}
		{5F0D7378-D698-41BB-A9A4-D503AA839E3F} = {8C7130F9-9B19-4B19-B272-5D8ED545360A}
		{9ACA03EC-5467-4D7D-93FF-2DE37B072E43} = {8C7130F9-9B19-4B19-B272-5D8ED545360A}
		{C38E3C7D-6590-49BE-8716-BBF5FBC445E5} = {F9FE065B-486D-4802-A960-68421E802341}
		{52D3F2EF-8CA8-4270-B4A5-9505666D9F6D} = {F9FE065B-486D-4802-A960-68421E802341}
		{C025CD9B-F205-4DB0-A528-AA3589C1D6AD} = {F9FE065B-486D-4802-A960-68421E802341}
		{5B8C64BC-5C9C-4B1C-B2FB-3D2741F95F91} = {F9FE065B-486D-4802-A960-68421E802341}
		{0672B11D-D7F3-48A1-97C4-8EF5ED0FE6CB} = {F9FE065B-486D-4802-A960-68421E802341}
		{77ABD939-5CC7-4F9C-9033-8282FC60D332} = {F9FE065B-486D-4802-A960-68421E802341}
		{97486509-DEDF-4F8C-85F0-3B4759183C53} = {8C7130F9-9B19-4B19-B272-5D8ED545360A}
	EndGlobalSection
	GlobalSection(ExtensibilityGlobals) = postSolution
		SolutionGuid = {F31728AB-97C6-4E0D-B412-898579AA77AD}
	EndGlobalSection
EndGlobal
