
Microsoft Visual Studio Solution File, Format Version 12.00
# Visual Studio Version 17
VisualStudioVersion = 17.10.34607.79
MinimumVisualStudioVersion = 10.0.40219.1
Project("{9A19103F-16F7-4668-BE54-9A1E7A4F7556}") = "Undersoft.SCC", "src\Undersoft.SCC\Undersoft.SCC.csproj", "{4A696CC5-E58D-4EC7-9E4F-B54A11C884E9}"
EndProject
Project("{9A19103F-16F7-4668-BE54-9A1E7A4F7556}") = "Undersoft.SCC.Service", "src\Undersoft.SCC.Service\Undersoft.SCC.Service.csproj", "{FC1C8985-C4AA-4719-8ED1-4E148309C6D2}"
EndProject
Project("{9A19103F-16F7-4668-BE54-9A1E7A4F7556}") = "Undersoft.SCC.Service.Application", "src\Undersoft.SCC.Service.Application\Undersoft.SCC.Service.Application.csproj", "{63AE8381-D1A8-448D-BB10-A431A583000D}"
EndProject
Project("{9A19103F-16F7-4668-BE54-9A1E7A4F7556}") = "Undersoft.SCC.Service.Application.Client", "src\Undersoft.SCC.Service.Application.Client\Undersoft.SCC.Service.Application.Client.csproj", "{29BCD049-E07B-4C1D-8B94-701C5FC6CD9F}"
EndProject
Project("{9A19103F-16F7-4668-BE54-9A1E7A4F7556}") = "Undersoft.SCC.Service.Application.GUI", "src\Undersoft.SCC.Service.Application.GUI\Undersoft.SCC.Service.Application.GUI.csproj", "{E848C6B2-9897-48F8-ABAA-ABFADC93CCAF}"
EndProject
Project("{9A19103F-16F7-4668-BE54-9A1E7A4F7556}") = "Undersoft.SCC.Service.Application.Hybrid", "src\Undersoft.SCC.Service.Application.Hybrid\Undersoft.SCC.Service.Application.Hybrid.csproj", "{05709E22-BA3B-47EE-BFB6-F543C13A93CF}"
EndProject
Project("{9A19103F-16F7-4668-BE54-9A1E7A4F7556}") = "Undersoft.SCC.Service.Application.Server", "src\Undersoft.SCC.Service.Application.Server\Undersoft.SCC.Service.Application.Server.csproj", "{F74676E7-C3C1-4EA7-9810-5E0616B06593}"
EndProject
Project("{9A19103F-16F7-4668-BE54-9A1E7A4F7556}") = "Undersoft.SCC.Service.Infrastructure", "src\Undersoft.SCC.Service.Infrastructure\Undersoft.SCC.Service.Infrastructure.csproj", "{FDE5408D-9B37-43DB-A262-B70E0A7B3EE9}"
EndProject
Project("{9A19103F-16F7-4668-BE54-9A1E7A4F7556}") = "Undersoft.SCC.Service.Server", "src\Undersoft.SCC.Service.Server\Undersoft.SCC.Service.Server.csproj", "{02ED5E6B-9F32-4149-A362-F2F698FB1A21}"
EndProject
Project("{2150E333-8FDC-42A3-9474-1A3956D46DE8}") = "SharedContactCenter", "SharedContactCenter", "{33914348-8B86-4972-9F34-FE91FB407E38}"
EndProject
Project("{2150E333-8FDC-42A3-9474-1A3956D46DE8}") = "SoftwareDevelopmentKit", "SoftwareDevelopmentKit", "{4F8A0F4D-634D-4D1D-8847-EC96B8D0B382}"
EndProject
Project("{9A19103F-16F7-4668-BE54-9A1E7A4F7556}") = "Undersoft.SDK", "..\SoftwareDevelopmentKit\src\Undersoft.SDK\Undersoft.SDK.csproj", "{61426503-D8DE-4661-8AD3-BD365583A6E9}"
EndProject
Project("{9A19103F-16F7-4668-BE54-9A1E7A4F7556}") = "Undersoft.SDK.Service", "..\SoftwareDevelopmentKit\src\Undersoft.SDK.Service\Undersoft.SDK.Service.csproj", "{4D651063-F769-41DC-B714-67F46EBA6B82}"
EndProject
Project("{9A19103F-16F7-4668-BE54-9A1E7A4F7556}") = "Undersoft.SDK.Service.Application", "..\SoftwareDevelopmentKit\src\Undersoft.SDK.Service.Application\Undersoft.SDK.Service.Application.csproj", "{ACE72C19-2FBB-4995-8CFF-02767556F9ED}"
EndProject
Project("{9A19103F-16F7-4668-BE54-9A1E7A4F7556}") = "Undersoft.SDK.Service.Application.GUI", "..\SoftwareDevelopmentKit\src\Undersoft.SDK.Service.Application.GUI\Undersoft.SDK.Service.Application.GUI.csproj", "{611C20EA-A181-49C0-8C70-5B854DD648F9}"
EndProject
Project("{9A19103F-16F7-4668-BE54-9A1E7A4F7556}") = "Undersoft.SDK.Service.Application.Server", "..\SoftwareDevelopmentKit\src\Undersoft.SDK.Service.Application.Server\Undersoft.SDK.Service.Application.Server.csproj", "{C6BDDBCD-DE84-4ED9-8FA7-1903BB1BAC48}"
EndProject
Project("{9A19103F-16F7-4668-BE54-9A1E7A4F7556}") = "Undersoft.SDK.Service.Infrastructure", "..\SoftwareDevelopmentKit\src\Undersoft.SDK.Service.Infrastructure\Undersoft.SDK.Service.Infrastructure.csproj", "{B9FBEF3E-EBA6-4392-9A73-47CE29323959}"
EndProject
Project("{9A19103F-16F7-4668-BE54-9A1E7A4F7556}") = "Undersoft.SDK.Service.Server", "..\SoftwareDevelopmentKit\src\Undersoft.SDK.Service.Server\Undersoft.SDK.Service.Server.csproj", "{F927D244-D3E3-46B3-B0BC-9761DBB45D03}"
EndProject
Project("{9A19103F-16F7-4668-BE54-9A1E7A4F7556}") = "Undersoft.SCC.Tests", "tests\Undersoft.SCC.Tests\Undersoft.SCC.Tests.csproj", "{2DADD018-8B9E-4DDD-BE81-1B6B33FA7DA8}"
EndProject
Project("{2150E333-8FDC-42A3-9474-1A3956D46DE8}") = "Tests", "Tests", "{39C8DFE5-25EA-4FB5-8098-0E19C9844E03}"
	ProjectSection(SolutionItems) = preProject
		.editorconfig = .editorconfig
	EndProjectSection
EndProject
Project("{9A19103F-16F7-4668-BE54-9A1E7A4F7556}") = "Undersoft.SCC.Service.Tests", "tests\Undersoft.SCC.Service.Tests\Undersoft.SCC.Service.Tests.csproj", "{B0CE6DF2-4E4F-4DB4-983A-483D61FA7DDC}"
EndProject
Project("{9A19103F-16F7-4668-BE54-9A1E7A4F7556}") = "Undersoft.SCC.Service.Application.Tests", "tests\Undersoft.SCC.Service.Application.Tests\Undersoft.SCC.Service.Application.Tests.csproj", "{D6D23023-11C2-4858-A8C7-0890E6C662D4}"
EndProject
Project("{9A19103F-16F7-4668-BE54-9A1E7A4F7556}") = "Undersoft.SCC.Service.Application.Client.Tests", "tests\Undersoft.SCC.Service.Application.Client.Tests\Undersoft.SCC.Service.Application.Client.Tests.csproj", "{2B39F9A5-89C1-4BD6-9D77-D4E28F46FD07}"
EndProject
Project("{9A19103F-16F7-4668-BE54-9A1E7A4F7556}") = "Undersoft.SCC.Service.Application.Server.Tests", "tests\Undersoft.SCC.Service.Application.Server.Tests\Undersoft.SCC.Service.Application.Server.Tests.csproj", "{9B98780C-DF3E-49A4-9169-469D097FBAAE}"
EndProject
Project("{9A19103F-16F7-4668-BE54-9A1E7A4F7556}") = "Undersoft.SCC.Service.Infrastructure.Tests", "tests\Undersoft.SCC.Service.Infrastructure.Tests\Undersoft.SCC.Service.Infrastructure.Tests.csproj", "{F1683640-CE29-43F5-8239-D22AD9B26916}"
EndProject
Project("{9A19103F-16F7-4668-BE54-9A1E7A4F7556}") = "Undersoft.SCC.Service.Application.GUI.Tests", "tests\Undersoft.SCC.Service.Application.GUI.Tests\Undersoft.SCC.Service.Application.GUI.Tests.csproj", "{5E87D4B7-9750-4BC9-9A64-00C1640DD3FD}"
EndProject
Project("{9A19103F-16F7-4668-BE54-9A1E7A4F7556}") = "Undersoft.SCC.Service.Server.Tests", "tests\Undersoft.SCC.Service.Server.Tests\Undersoft.SCC.Service.Server.Tests.csproj", "{49E30C84-D232-4537-AAF1-492B49941A3E}"
EndProject
Project("{2150E333-8FDC-42A3-9474-1A3956D46DE8}") = "Solution Items", "Solution Items", "{5959B019-F816-4E5F-A1F8-97C23C4E31D3}"
EndProject
Global
	GlobalSection(SolutionConfigurationPlatforms) = preSolution
		Debug|Any CPU = Debug|Any CPU
		Release|Any CPU = Release|Any CPU
	EndGlobalSection
	GlobalSection(ProjectConfigurationPlatforms) = postSolution
		{4A696CC5-E58D-4EC7-9E4F-B54A11C884E9}.Debug|Any CPU.ActiveCfg = Debug|Any CPU
		{4A696CC5-E58D-4EC7-9E4F-B54A11C884E9}.Debug|Any CPU.Build.0 = Debug|Any CPU
		{4A696CC5-E58D-4EC7-9E4F-B54A11C884E9}.Release|Any CPU.ActiveCfg = Release|Any CPU
		{4A696CC5-E58D-4EC7-9E4F-B54A11C884E9}.Release|Any CPU.Build.0 = Release|Any CPU
		{FC1C8985-C4AA-4719-8ED1-4E148309C6D2}.Debug|Any CPU.ActiveCfg = Debug|Any CPU
		{FC1C8985-C4AA-4719-8ED1-4E148309C6D2}.Debug|Any CPU.Build.0 = Debug|Any CPU
		{FC1C8985-C4AA-4719-8ED1-4E148309C6D2}.Release|Any CPU.ActiveCfg = Release|Any CPU
		{FC1C8985-C4AA-4719-8ED1-4E148309C6D2}.Release|Any CPU.Build.0 = Release|Any CPU
		{63AE8381-D1A8-448D-BB10-A431A583000D}.Debug|Any CPU.ActiveCfg = Debug|Any CPU
		{63AE8381-D1A8-448D-BB10-A431A583000D}.Debug|Any CPU.Build.0 = Debug|Any CPU
		{63AE8381-D1A8-448D-BB10-A431A583000D}.Release|Any CPU.ActiveCfg = Release|Any CPU
		{63AE8381-D1A8-448D-BB10-A431A583000D}.Release|Any CPU.Build.0 = Release|Any CPU
		{29BCD049-E07B-4C1D-8B94-701C5FC6CD9F}.Debug|Any CPU.ActiveCfg = Debug|Any CPU
		{29BCD049-E07B-4C1D-8B94-701C5FC6CD9F}.Debug|Any CPU.Build.0 = Debug|Any CPU
		{29BCD049-E07B-4C1D-8B94-701C5FC6CD9F}.Release|Any CPU.ActiveCfg = Release|Any CPU
		{29BCD049-E07B-4C1D-8B94-701C5FC6CD9F}.Release|Any CPU.Build.0 = Release|Any CPU
		{E848C6B2-9897-48F8-ABAA-ABFADC93CCAF}.Debug|Any CPU.ActiveCfg = Debug|Any CPU
		{E848C6B2-9897-48F8-ABAA-ABFADC93CCAF}.Debug|Any CPU.Build.0 = Debug|Any CPU
		{E848C6B2-9897-48F8-ABAA-ABFADC93CCAF}.Release|Any CPU.ActiveCfg = Release|Any CPU
		{E848C6B2-9897-48F8-ABAA-ABFADC93CCAF}.Release|Any CPU.Build.0 = Release|Any CPU
		{05709E22-BA3B-47EE-BFB6-F543C13A93CF}.Debug|Any CPU.ActiveCfg = Debug|Any CPU
		{05709E22-BA3B-47EE-BFB6-F543C13A93CF}.Debug|Any CPU.Build.0 = Debug|Any CPU
		{05709E22-BA3B-47EE-BFB6-F543C13A93CF}.Debug|Any CPU.Deploy.0 = Debug|Any CPU
		{05709E22-BA3B-47EE-BFB6-F543C13A93CF}.Release|Any CPU.ActiveCfg = Release|Any CPU
		{05709E22-BA3B-47EE-BFB6-F543C13A93CF}.Release|Any CPU.Build.0 = Release|Any CPU
		{05709E22-BA3B-47EE-BFB6-F543C13A93CF}.Release|Any CPU.Deploy.0 = Release|Any CPU
		{F74676E7-C3C1-4EA7-9810-5E0616B06593}.Debug|Any CPU.ActiveCfg = Debug|Any CPU
		{F74676E7-C3C1-4EA7-9810-5E0616B06593}.Debug|Any CPU.Build.0 = Debug|Any CPU
		{F74676E7-C3C1-4EA7-9810-5E0616B06593}.Release|Any CPU.ActiveCfg = Release|Any CPU
		{F74676E7-C3C1-4EA7-9810-5E0616B06593}.Release|Any CPU.Build.0 = Release|Any CPU
		{FDE5408D-9B37-43DB-A262-B70E0A7B3EE9}.Debug|Any CPU.ActiveCfg = Debug|Any CPU
		{FDE5408D-9B37-43DB-A262-B70E0A7B3EE9}.Debug|Any CPU.Build.0 = Debug|Any CPU
		{FDE5408D-9B37-43DB-A262-B70E0A7B3EE9}.Release|Any CPU.ActiveCfg = Release|Any CPU
		{FDE5408D-9B37-43DB-A262-B70E0A7B3EE9}.Release|Any CPU.Build.0 = Release|Any CPU
		{02ED5E6B-9F32-4149-A362-F2F698FB1A21}.Debug|Any CPU.ActiveCfg = Debug|Any CPU
		{02ED5E6B-9F32-4149-A362-F2F698FB1A21}.Debug|Any CPU.Build.0 = Debug|Any CPU
		{02ED5E6B-9F32-4149-A362-F2F698FB1A21}.Release|Any CPU.ActiveCfg = Release|Any CPU
		{02ED5E6B-9F32-4149-A362-F2F698FB1A21}.Release|Any CPU.Build.0 = Release|Any CPU
		{61426503-D8DE-4661-8AD3-BD365583A6E9}.Debug|Any CPU.ActiveCfg = Debug|Any CPU
		{61426503-D8DE-4661-8AD3-BD365583A6E9}.Debug|Any CPU.Build.0 = Debug|Any CPU
		{61426503-D8DE-4661-8AD3-BD365583A6E9}.Release|Any CPU.ActiveCfg = Release|Any CPU
		{61426503-D8DE-4661-8AD3-BD365583A6E9}.Release|Any CPU.Build.0 = Release|Any CPU
		{4D651063-F769-41DC-B714-67F46EBA6B82}.Debug|Any CPU.ActiveCfg = Debug|Any CPU
		{4D651063-F769-41DC-B714-67F46EBA6B82}.Debug|Any CPU.Build.0 = Debug|Any CPU
		{4D651063-F769-41DC-B714-67F46EBA6B82}.Release|Any CPU.ActiveCfg = Release|Any CPU
		{4D651063-F769-41DC-B714-67F46EBA6B82}.Release|Any CPU.Build.0 = Release|Any CPU
		{ACE72C19-2FBB-4995-8CFF-02767556F9ED}.Debug|Any CPU.ActiveCfg = Debug|Any CPU
		{ACE72C19-2FBB-4995-8CFF-02767556F9ED}.Debug|Any CPU.Build.0 = Debug|Any CPU
		{ACE72C19-2FBB-4995-8CFF-02767556F9ED}.Release|Any CPU.ActiveCfg = Release|Any CPU
		{ACE72C19-2FBB-4995-8CFF-02767556F9ED}.Release|Any CPU.Build.0 = Release|Any CPU
		{611C20EA-A181-49C0-8C70-5B854DD648F9}.Debug|Any CPU.ActiveCfg = Debug|Any CPU
		{611C20EA-A181-49C0-8C70-5B854DD648F9}.Debug|Any CPU.Build.0 = Debug|Any CPU
		{611C20EA-A181-49C0-8C70-5B854DD648F9}.Release|Any CPU.ActiveCfg = Release|Any CPU
		{611C20EA-A181-49C0-8C70-5B854DD648F9}.Release|Any CPU.Build.0 = Release|Any CPU
		{C6BDDBCD-DE84-4ED9-8FA7-1903BB1BAC48}.Debug|Any CPU.ActiveCfg = Debug|Any CPU
		{C6BDDBCD-DE84-4ED9-8FA7-1903BB1BAC48}.Debug|Any CPU.Build.0 = Debug|Any CPU
		{C6BDDBCD-DE84-4ED9-8FA7-1903BB1BAC48}.Release|Any CPU.ActiveCfg = Release|Any CPU
		{C6BDDBCD-DE84-4ED9-8FA7-1903BB1BAC48}.Release|Any CPU.Build.0 = Release|Any CPU
		{B9FBEF3E-EBA6-4392-9A73-47CE29323959}.Debug|Any CPU.ActiveCfg = Debug|Any CPU
		{B9FBEF3E-EBA6-4392-9A73-47CE29323959}.Debug|Any CPU.Build.0 = Debug|Any CPU
		{B9FBEF3E-EBA6-4392-9A73-47CE29323959}.Release|Any CPU.ActiveCfg = Release|Any CPU
		{B9FBEF3E-EBA6-4392-9A73-47CE29323959}.Release|Any CPU.Build.0 = Release|Any CPU
		{F927D244-D3E3-46B3-B0BC-9761DBB45D03}.Debug|Any CPU.ActiveCfg = Debug|Any CPU
		{F927D244-D3E3-46B3-B0BC-9761DBB45D03}.Debug|Any CPU.Build.0 = Debug|Any CPU
		{F927D244-D3E3-46B3-B0BC-9761DBB45D03}.Release|Any CPU.ActiveCfg = Release|Any CPU
		{F927D244-D3E3-46B3-B0BC-9761DBB45D03}.Release|Any CPU.Build.0 = Release|Any CPU
		{2DADD018-8B9E-4DDD-BE81-1B6B33FA7DA8}.Debug|Any CPU.ActiveCfg = Debug|Any CPU
		{2DADD018-8B9E-4DDD-BE81-1B6B33FA7DA8}.Debug|Any CPU.Build.0 = Debug|Any CPU
		{2DADD018-8B9E-4DDD-BE81-1B6B33FA7DA8}.Release|Any CPU.ActiveCfg = Release|Any CPU
		{2DADD018-8B9E-4DDD-BE81-1B6B33FA7DA8}.Release|Any CPU.Build.0 = Release|Any CPU
		{B0CE6DF2-4E4F-4DB4-983A-483D61FA7DDC}.Debug|Any CPU.ActiveCfg = Debug|Any CPU
		{B0CE6DF2-4E4F-4DB4-983A-483D61FA7DDC}.Debug|Any CPU.Build.0 = Debug|Any CPU
		{B0CE6DF2-4E4F-4DB4-983A-483D61FA7DDC}.Release|Any CPU.ActiveCfg = Release|Any CPU
		{B0CE6DF2-4E4F-4DB4-983A-483D61FA7DDC}.Release|Any CPU.Build.0 = Release|Any CPU
		{D6D23023-11C2-4858-A8C7-0890E6C662D4}.Debug|Any CPU.ActiveCfg = Debug|Any CPU
		{D6D23023-11C2-4858-A8C7-0890E6C662D4}.Debug|Any CPU.Build.0 = Debug|Any CPU
		{D6D23023-11C2-4858-A8C7-0890E6C662D4}.Release|Any CPU.ActiveCfg = Release|Any CPU
		{D6D23023-11C2-4858-A8C7-0890E6C662D4}.Release|Any CPU.Build.0 = Release|Any CPU
		{2B39F9A5-89C1-4BD6-9D77-D4E28F46FD07}.Debug|Any CPU.ActiveCfg = Debug|Any CPU
		{2B39F9A5-89C1-4BD6-9D77-D4E28F46FD07}.Debug|Any CPU.Build.0 = Debug|Any CPU
		{2B39F9A5-89C1-4BD6-9D77-D4E28F46FD07}.Release|Any CPU.ActiveCfg = Release|Any CPU
		{2B39F9A5-89C1-4BD6-9D77-D4E28F46FD07}.Release|Any CPU.Build.0 = Release|Any CPU
		{9B98780C-DF3E-49A4-9169-469D097FBAAE}.Debug|Any CPU.ActiveCfg = Debug|Any CPU
		{9B98780C-DF3E-49A4-9169-469D097FBAAE}.Debug|Any CPU.Build.0 = Debug|Any CPU
		{9B98780C-DF3E-49A4-9169-469D097FBAAE}.Release|Any CPU.ActiveCfg = Release|Any CPU
		{9B98780C-DF3E-49A4-9169-469D097FBAAE}.Release|Any CPU.Build.0 = Release|Any CPU
		{F1683640-CE29-43F5-8239-D22AD9B26916}.Debug|Any CPU.ActiveCfg = Debug|Any CPU
		{F1683640-CE29-43F5-8239-D22AD9B26916}.Debug|Any CPU.Build.0 = Debug|Any CPU
		{F1683640-CE29-43F5-8239-D22AD9B26916}.Release|Any CPU.ActiveCfg = Release|Any CPU
		{F1683640-CE29-43F5-8239-D22AD9B26916}.Release|Any CPU.Build.0 = Release|Any CPU
		{5E87D4B7-9750-4BC9-9A64-00C1640DD3FD}.Debug|Any CPU.ActiveCfg = Debug|Any CPU
		{5E87D4B7-9750-4BC9-9A64-00C1640DD3FD}.Debug|Any CPU.Build.0 = Debug|Any CPU
		{5E87D4B7-9750-4BC9-9A64-00C1640DD3FD}.Release|Any CPU.ActiveCfg = Release|Any CPU
		{5E87D4B7-9750-4BC9-9A64-00C1640DD3FD}.Release|Any CPU.Build.0 = Release|Any CPU
		{49E30C84-D232-4537-AAF1-492B49941A3E}.Debug|Any CPU.ActiveCfg = Debug|Any CPU
		{49E30C84-D232-4537-AAF1-492B49941A3E}.Debug|Any CPU.Build.0 = Debug|Any CPU
		{49E30C84-D232-4537-AAF1-492B49941A3E}.Release|Any CPU.ActiveCfg = Release|Any CPU
		{49E30C84-D232-4537-AAF1-492B49941A3E}.Release|Any CPU.Build.0 = Release|Any CPU
	EndGlobalSection
	GlobalSection(SolutionProperties) = preSolution
		HideSolutionNode = FALSE
	EndGlobalSection
	GlobalSection(NestedProjects) = preSolution
		{4A696CC5-E58D-4EC7-9E4F-B54A11C884E9} = {33914348-8B86-4972-9F34-FE91FB407E38}
		{FC1C8985-C4AA-4719-8ED1-4E148309C6D2} = {33914348-8B86-4972-9F34-FE91FB407E38}
		{63AE8381-D1A8-448D-BB10-A431A583000D} = {33914348-8B86-4972-9F34-FE91FB407E38}
		{29BCD049-E07B-4C1D-8B94-701C5FC6CD9F} = {33914348-8B86-4972-9F34-FE91FB407E38}
		{E848C6B2-9897-48F8-ABAA-ABFADC93CCAF} = {33914348-8B86-4972-9F34-FE91FB407E38}
		{05709E22-BA3B-47EE-BFB6-F543C13A93CF} = {33914348-8B86-4972-9F34-FE91FB407E38}
		{F74676E7-C3C1-4EA7-9810-5E0616B06593} = {33914348-8B86-4972-9F34-FE91FB407E38}
		{FDE5408D-9B37-43DB-A262-B70E0A7B3EE9} = {33914348-8B86-4972-9F34-FE91FB407E38}
		{02ED5E6B-9F32-4149-A362-F2F698FB1A21} = {33914348-8B86-4972-9F34-FE91FB407E38}
		{61426503-D8DE-4661-8AD3-BD365583A6E9} = {4F8A0F4D-634D-4D1D-8847-EC96B8D0B382}
		{4D651063-F769-41DC-B714-67F46EBA6B82} = {4F8A0F4D-634D-4D1D-8847-EC96B8D0B382}
		{ACE72C19-2FBB-4995-8CFF-02767556F9ED} = {4F8A0F4D-634D-4D1D-8847-EC96B8D0B382}
		{611C20EA-A181-49C0-8C70-5B854DD648F9} = {4F8A0F4D-634D-4D1D-8847-EC96B8D0B382}
		{C6BDDBCD-DE84-4ED9-8FA7-1903BB1BAC48} = {4F8A0F4D-634D-4D1D-8847-EC96B8D0B382}
		{B9FBEF3E-EBA6-4392-9A73-47CE29323959} = {4F8A0F4D-634D-4D1D-8847-EC96B8D0B382}
		{F927D244-D3E3-46B3-B0BC-9761DBB45D03} = {4F8A0F4D-634D-4D1D-8847-EC96B8D0B382}
		{2DADD018-8B9E-4DDD-BE81-1B6B33FA7DA8} = {39C8DFE5-25EA-4FB5-8098-0E19C9844E03}
		{39C8DFE5-25EA-4FB5-8098-0E19C9844E03} = {33914348-8B86-4972-9F34-FE91FB407E38}
		{B0CE6DF2-4E4F-4DB4-983A-483D61FA7DDC} = {39C8DFE5-25EA-4FB5-8098-0E19C9844E03}
		{D6D23023-11C2-4858-A8C7-0890E6C662D4} = {39C8DFE5-25EA-4FB5-8098-0E19C9844E03}
		{2B39F9A5-89C1-4BD6-9D77-D4E28F46FD07} = {39C8DFE5-25EA-4FB5-8098-0E19C9844E03}
		{9B98780C-DF3E-49A4-9169-469D097FBAAE} = {39C8DFE5-25EA-4FB5-8098-0E19C9844E03}
		{F1683640-CE29-43F5-8239-D22AD9B26916} = {39C8DFE5-25EA-4FB5-8098-0E19C9844E03}
		{5E87D4B7-9750-4BC9-9A64-00C1640DD3FD} = {39C8DFE5-25EA-4FB5-8098-0E19C9844E03}
		{49E30C84-D232-4537-AAF1-492B49941A3E} = {39C8DFE5-25EA-4FB5-8098-0E19C9844E03}
	EndGlobalSection
	GlobalSection(ExtensibilityGlobals) = postSolution
		SolutionGuid = {4D6779D5-72B4-405D-90CD-095181C23A63}
	EndGlobalSection
EndGlobal
